// !$*UTF8*$!
{
	archiveVersion = 1;
	classes = {
	};
	objectVersion = 55;
	objects = {

/* Begin PBXBuildFile section */
		45B6AE1A1D9665F2FAEF5CC7 /* Pods_WeatherApp.framework in Frameworks */ = {isa = PBXBuildFile; fileRef = D878C7364A90805D38F353D1 /* Pods_WeatherApp.framework */; };
		D080EF8C2A29F61D00D2A73E /* AppDelegate.swift in Sources */ = {isa = PBXBuildFile; fileRef = D080EF8B2A29F61D00D2A73E /* AppDelegate.swift */; };
		D080EF8E2A29F61D00D2A73E /* SceneDelegate.swift in Sources */ = {isa = PBXBuildFile; fileRef = D080EF8D2A29F61D00D2A73E /* SceneDelegate.swift */; };
		D080EF902A29F61D00D2A73E /* ViewController.swift in Sources */ = {isa = PBXBuildFile; fileRef = D080EF8F2A29F61D00D2A73E /* ViewController.swift */; };
		D080EF932A29F61D00D2A73E /* Main.storyboard in Resources */ = {isa = PBXBuildFile; fileRef = D080EF912A29F61D00D2A73E /* Main.storyboard */; };
		D080EF952A29F62000D2A73E /* Assets.xcassets in Resources */ = {isa = PBXBuildFile; fileRef = D080EF942A29F62000D2A73E /* Assets.xcassets */; };
		D080EF982A29F62000D2A73E /* LaunchScreen.storyboard in Resources */ = {isa = PBXBuildFile; fileRef = D080EF962A29F62000D2A73E /* LaunchScreen.storyboard */; };
		D080EFA02A2A01DB00D2A73E /* TableViewCell.swift in Sources */ = {isa = PBXBuildFile; fileRef = D080EF9F2A2A01DB00D2A73E /* TableViewCell.swift */; };
		D080EFA52A2A0D3D00D2A73E /* WeatherData.swift in Sources */ = {isa = PBXBuildFile; fileRef = D080EFA42A2A0D3D00D2A73E /* WeatherData.swift */; };
		D080EFA72A2A14CF00D2A73E /* WebService.swift in Sources */ = {isa = PBXBuildFile; fileRef = D080EFA62A2A14CF00D2A73E /* WebService.swift */; };
		D080EFAC2A2A3E0A00D2A73E /* ExtensionVC.swift in Sources */ = {isa = PBXBuildFile; fileRef = D080EFAB2A2A3E0A00D2A73E /* ExtensionVC.swift */; };
		D080EFAF2A2B4F5700D2A73E /* WeatherViewModel.swift in Sources */ = {isa = PBXBuildFile; fileRef = D080EFAE2A2B4F5700D2A73E /* WeatherViewModel.swift */; };
/* End PBXBuildFile section */

/* Begin PBXFileReference section */
		11EE2AFC83B91F93AD47F0D9 /* Pods-WeatherApp.debug.xcconfig */ = {isa = PBXFileReference; includeInIndex = 1; lastKnownFileType = text.xcconfig; name = "Pods-WeatherApp.debug.xcconfig"; path = "Target Support Files/Pods-WeatherApp/Pods-WeatherApp.debug.xcconfig"; sourceTree = "<group>"; };
		53FA4D06FDF3D50F001EF30C /* Pods-WeatherApp.release.xcconfig */ = {isa = PBXFileReference; includeInIndex = 1; lastKnownFileType = text.xcconfig; name = "Pods-WeatherApp.release.xcconfig"; path = "Target Support Files/Pods-WeatherApp/Pods-WeatherApp.release.xcconfig"; sourceTree = "<group>"; };
		D080EF882A29F61D00D2A73E /* WeatherApp.app */ = {isa = PBXFileReference; explicitFileType = wrapper.application; includeInIndex = 0; path = WeatherApp.app; sourceTree = BUILT_PRODUCTS_DIR; };
		D080EF8B2A29F61D00D2A73E /* AppDelegate.swift */ = {isa = PBXFileReference; lastKnownFileType = sourcecode.swift; path = AppDelegate.swift; sourceTree = "<group>"; };
		D080EF8D2A29F61D00D2A73E /* SceneDelegate.swift */ = {isa = PBXFileReference; lastKnownFileType = sourcecode.swift; path = SceneDelegate.swift; sourceTree = "<group>"; };
		D080EF8F2A29F61D00D2A73E /* ViewController.swift */ = {isa = PBXFileReference; lastKnownFileType = sourcecode.swift; path = ViewController.swift; sourceTree = "<group>"; };
		D080EF922A29F61D00D2A73E /* Base */ = {isa = PBXFileReference; lastKnownFileType = file.storyboard; name = Base; path = Base.lproj/Main.storyboard; sourceTree = "<group>"; };
		D080EF942A29F62000D2A73E /* Assets.xcassets */ = {isa = PBXFileReference; lastKnownFileType = folder.assetcatalog; path = Assets.xcassets; sourceTree = "<group>"; };
		D080EF972A29F62000D2A73E /* Base */ = {isa = PBXFileReference; lastKnownFileType = file.storyboard; name = Base; path = Base.lproj/LaunchScreen.storyboard; sourceTree = "<group>"; };
		D080EF992A29F62000D2A73E /* Info.plist */ = {isa = PBXFileReference; lastKnownFileType = text.plist.xml; path = Info.plist; sourceTree = "<group>"; };
		D080EF9F2A2A01DB00D2A73E /* TableViewCell.swift */ = {isa = PBXFileReference; lastKnownFileType = sourcecode.swift; path = TableViewCell.swift; sourceTree = "<group>"; };
		D080EFA42A2A0D3D00D2A73E /* WeatherData.swift */ = {isa = PBXFileReference; lastKnownFileType = sourcecode.swift; path = WeatherData.swift; sourceTree = "<group>"; };
		D080EFA62A2A14CF00D2A73E /* WebService.swift */ = {isa = PBXFileReference; lastKnownFileType = sourcecode.swift; path = WebService.swift; sourceTree = "<group>"; };
		D080EFAB2A2A3E0A00D2A73E /* ExtensionVC.swift */ = {isa = PBXFileReference; lastKnownFileType = sourcecode.swift; path = ExtensionVC.swift; sourceTree = "<group>"; };
		D080EFAE2A2B4F5700D2A73E /* WeatherViewModel.swift */ = {isa = PBXFileReference; lastKnownFileType = sourcecode.swift; path = WeatherViewModel.swift; sourceTree = "<group>"; };
		D878C7364A90805D38F353D1 /* Pods_WeatherApp.framework */ = {isa = PBXFileReference; explicitFileType = wrapper.framework; includeInIndex = 0; path = Pods_WeatherApp.framework; sourceTree = BUILT_PRODUCTS_DIR; };
/* End PBXFileReference section */

/* Begin PBXFrameworksBuildPhase section */
		D080EF852A29F61D00D2A73E /* Frameworks */ = {
			isa = PBXFrameworksBuildPhase;
			buildActionMask = 2147483647;
			files = (
				45B6AE1A1D9665F2FAEF5CC7 /* Pods_WeatherApp.framework in Frameworks */,
			);
			runOnlyForDeploymentPostprocessing = 0;
		};
/* End PBXFrameworksBuildPhase section */

/* Begin PBXGroup section */
		4D2BC141A0CD5EB446811FDC /* Frameworks */ = {
			isa = PBXGroup;
			children = (
				D878C7364A90805D38F353D1 /* Pods_WeatherApp.framework */,
			);
			name = Frameworks;
			sourceTree = "<group>";
		};
		685D5B00C2538C30E7410403 /* Pods */ = {
			isa = PBXGroup;
			children = (
				11EE2AFC83B91F93AD47F0D9 /* Pods-WeatherApp.debug.xcconfig */,
				53FA4D06FDF3D50F001EF30C /* Pods-WeatherApp.release.xcconfig */,
			);
			name = Pods;
			path = Pods;
			sourceTree = "<group>";
		};
		D080EF7F2A29F61C00D2A73E = {
			isa = PBXGroup;
			children = (
				D080EF8A2A29F61D00D2A73E /* WeatherApp */,
				D080EF892A29F61D00D2A73E /* Products */,
				685D5B00C2538C30E7410403 /* Pods */,
				4D2BC141A0CD5EB446811FDC /* Frameworks */,
			);
			sourceTree = "<group>";
		};
		D080EF892A29F61D00D2A73E /* Products */ = {
			isa = PBXGroup;
			children = (
				D080EF882A29F61D00D2A73E /* WeatherApp.app */,
			);
			name = Products;
			sourceTree = "<group>";
		};
		D080EF8A2A29F61D00D2A73E /* WeatherApp */ = {
			isa = PBXGroup;
			children = (
				D080EFAD2A2B4F3200D2A73E /* ViewModel */,
				D080EFAA2A2A3DF300D2A73E /* ExtensionViewController */,
				D080EFA32A2A0B5600D2A73E /* View */,
				D080EFA22A2A0B3C00D2A73E /* Service */,
				D080EFA12A2A0B1E00D2A73E /* Model */,
				D080EF912A29F61D00D2A73E /* Main.storyboard */,
				D080EF942A29F62000D2A73E /* Assets.xcassets */,
				D080EF962A29F62000D2A73E /* LaunchScreen.storyboard */,
				D080EF992A29F62000D2A73E /* Info.plist */,
			);
			path = WeatherApp;
			sourceTree = "<group>";
		};
		D080EFA12A2A0B1E00D2A73E /* Model */ = {
			isa = PBXGroup;
			children = (
				D080EFA42A2A0D3D00D2A73E /* WeatherData.swift */,
			);
			path = Model;
			sourceTree = "<group>";
		};
		D080EFA22A2A0B3C00D2A73E /* Service */ = {
			isa = PBXGroup;
			children = (
				D080EFA62A2A14CF00D2A73E /* WebService.swift */,
			);
			path = Service;
			sourceTree = "<group>";
		};
		D080EFA32A2A0B5600D2A73E /* View */ = {
			isa = PBXGroup;
			children = (
				D080EF9F2A2A01DB00D2A73E /* TableViewCell.swift */,
				D080EF8F2A29F61D00D2A73E /* ViewController.swift */,
				D080EF8D2A29F61D00D2A73E /* SceneDelegate.swift */,
				D080EF8B2A29F61D00D2A73E /* AppDelegate.swift */,
			);
			path = View;
			sourceTree = "<group>";
		};
		D080EFAA2A2A3DF300D2A73E /* ExtensionViewController */ = {
			isa = PBXGroup;
			children = (
				D080EFAB2A2A3E0A00D2A73E /* ExtensionVC.swift */,
			);
			path = ExtensionViewController;
			sourceTree = "<group>";
		};
		D080EFAD2A2B4F3200D2A73E /* ViewModel */ = {
			isa = PBXGroup;
			children = (
				D080EFAE2A2B4F5700D2A73E /* WeatherViewModel.swift */,
			);
			path = ViewModel;
			sourceTree = "<group>";
		};
/* End PBXGroup section */

/* Begin PBXNativeTarget section */
		D080EF872A29F61D00D2A73E /* WeatherApp */ = {
			isa = PBXNativeTarget;
			buildConfigurationList = D080EF9C2A29F62000D2A73E /* Build configuration list for PBXNativeTarget "WeatherApp" */;
			buildPhases = (
				A3C562847D542F5C38133C15 /* [CP] Check Pods Manifest.lock */,
				D080EF842A29F61D00D2A73E /* Sources */,
				D080EF852A29F61D00D2A73E /* Frameworks */,
				D080EF862A29F61D00D2A73E /* Resources */,
				7196943D4F6BCA20A7DE74CA /* [CP] Embed Pods Frameworks */,
			);
			buildRules = (
			);
			dependencies = (
			);
			name = WeatherApp;
			productName = WeatherApp;
			productReference = D080EF882A29F61D00D2A73E /* WeatherApp.app */;
			productType = "com.apple.product-type.application";
		};
/* End PBXNativeTarget section */

/* Begin PBXProject section */
		D080EF802A29F61C00D2A73E /* Project object */ = {
			isa = PBXProject;
			attributes = {
				BuildIndependentTargetsInParallel = 1;
				LastSwiftUpdateCheck = 1340;
				LastUpgradeCheck = 1340;
				TargetAttributes = {
					D080EF872A29F61D00D2A73E = {
						CreatedOnToolsVersion = 13.4.1;
					};
				};
			};
			buildConfigurationList = D080EF832A29F61C00D2A73E /* Build configuration list for PBXProject "WeatherApp" */;
			compatibilityVersion = "Xcode 13.0";
			developmentRegion = en;
			hasScannedForEncodings = 0;
			knownRegions = (
				en,
				Base,
			);
			mainGroup = D080EF7F2A29F61C00D2A73E;
			productRefGroup = D080EF892A29F61D00D2A73E /* Products */;
			projectDirPath = "";
			projectRoot = "";
			targets = (
				D080EF872A29F61D00D2A73E /* WeatherApp */,
			);
		};
/* End PBXProject section */

/* Begin PBXResourcesBuildPhase section */
		D080EF862A29F61D00D2A73E /* Resources */ = {
			isa = PBXResourcesBuildPhase;
			buildActionMask = 2147483647;
			files = (
				D080EF982A29F62000D2A73E /* LaunchScreen.storyboard in Resources */,
				D080EF952A29F62000D2A73E /* Assets.xcassets in Resources */,
				D080EF932A29F61D00D2A73E /* Main.storyboard in Resources */,
			);
			runOnlyForDeploymentPostprocessing = 0;
		};
/* End PBXResourcesBuildPhase section */

/* Begin PBXShellScriptBuildPhase section */
		7196943D4F6BCA20A7DE74CA /* [CP] Embed Pods Frameworks */ = {
			isa = PBXShellScriptBuildPhase;
			buildActionMask = 2147483647;
			files = (
			);
			inputFileListPaths = (
				"${PODS_ROOT}/Target Support Files/Pods-WeatherApp/Pods-WeatherApp-frameworks-${CONFIGURATION}-input-files.xcfilelist",
			);
			name = "[CP] Embed Pods Frameworks";
			outputFileListPaths = (
				"${PODS_ROOT}/Target Support Files/Pods-WeatherApp/Pods-WeatherApp-frameworks-${CONFIGURATION}-output-files.xcfilelist",
			);
			runOnlyForDeploymentPostprocessing = 0;
			shellPath = /bin/sh;
			shellScript = "\"${PODS_ROOT}/Target Support Files/Pods-WeatherApp/Pods-WeatherApp-frameworks.sh\"\n";
			showEnvVarsInLog = 0;
		};
		A3C562847D542F5C38133C15 /* [CP] Check Pods Manifest.lock */ = {
			isa = PBXShellScriptBuildPhase;
			buildActionMask = 2147483647;
			files = (
			);
			inputFileListPaths = (
			);
			inputPaths = (
				"${PODS_PODFILE_DIR_PATH}/Podfile.lock",
				"${PODS_ROOT}/Manifest.lock",
			);
			name = "[CP] Check Pods Manifest.lock";
			outputFileListPaths = (
			);
			outputPaths = (
				"$(DERIVED_FILE_DIR)/Pods-WeatherApp-checkManifestLockResult.txt",
			);
			runOnlyForDeploymentPostprocessing = 0;
			shellPath = /bin/sh;
			shellScript = "diff \"${PODS_PODFILE_DIR_PATH}/Podfile.lock\" \"${PODS_ROOT}/Manifest.lock\" > /dev/null\nif [ $? != 0 ] ; then\n    # print error to STDERR\n    echo \"error: The sandbox is not in sync with the Podfile.lock. Run 'pod install' or update your CocoaPods installation.\" >&2\n    exit 1\nfi\n# This output is used by Xcode 'outputs' to avoid re-running this script phase.\necho \"SUCCESS\" > \"${SCRIPT_OUTPUT_FILE_0}\"\n";
			showEnvVarsInLog = 0;
		};
/* End PBXShellScriptBuildPhase section */

/* Begin PBXSourcesBuildPhase section */
		D080EF842A29F61D00D2A73E /* Sources */ = {
			isa = PBXSourcesBuildPhase;
			buildActionMask = 2147483647;
			files = (
				D080EFA72A2A14CF00D2A73E /* WebService.swift in Sources */,
				D080EFAC2A2A3E0A00D2A73E /* ExtensionVC.swift in Sources */,
				D080EF902A29F61D00D2A73E /* ViewController.swift in Sources */,
				D080EFA52A2A0D3D00D2A73E /* WeatherData.swift in Sources */,
				D080EFA02A2A01DB00D2A73E /* TableViewCell.swift in Sources */,
				D080EFAF2A2B4F5700D2A73E /* WeatherViewModel.swift in Sources */,
				D080EF8C2A29F61D00D2A73E /* AppDelegate.swift in Sources */,
				D080EF8E2A29F61D00D2A73E /* SceneDelegate.swift in Sources */,
			);
			runOnlyForDeploymentPostprocessing = 0;
		};
/* End PBXSourcesBuildPhase section */

/* Begin PBXVariantGroup section */
		D080EF912A29F61D00D2A73E /* Main.storyboard */ = {
			isa = PBXVariantGroup;
			children = (
				D080EF922A29F61D00D2A73E /* Base */,
			);
			name = Main.storyboard;
			sourceTree = "<group>";
		};
		D080EF962A29F62000D2A73E /* LaunchScreen.storyboard */ = {
			isa = PBXVariantGroup;
			children = (
				D080EF972A29F62000D2A73E /* Base */,
			);
			name = LaunchScreen.storyboard;
			sourceTree = "<group>";
		};
/* End PBXVariantGroup section */

/* Begin XCBuildConfiguration section */
		D080EF9A2A29F62000D2A73E /* Debug */ = {
			isa = XCBuildConfiguration;
			buildSettings = {
				ALWAYS_SEARCH_USER_PATHS = NO;
				CLANG_ANALYZER_NONNULL = YES;
				CLANG_ANALYZER_NUMBER_OBJECT_CONVERSION = YES_AGGRESSIVE;
				CLANG_CXX_LANGUAGE_STANDARD = "gnu++17";
				CLANG_ENABLE_MODULES = YES;
				CLANG_ENABLE_OBJC_ARC = YES;
				CLANG_ENABLE_OBJC_WEAK = YES;
				CLANG_WARN_BLOCK_CAPTURE_AUTORELEASING = YES;
				CLANG_WARN_BOOL_CONVERSION = YES;
				CLANG_WARN_COMMA = YES;
				CLANG_WARN_CONSTANT_CONVERSION = YES;
				CLANG_WARN_DEPRECATED_OBJC_IMPLEMENTATIONS = YES;
				CLANG_WARN_DIRECT_OBJC_ISA_USAGE = YES_ERROR;
				CLANG_WARN_DOCUMENTATION_COMMENTS = YES;
				CLANG_WARN_EMPTY_BODY = YES;
				CLANG_WARN_ENUM_CONVERSION = YES;
				CLANG_WARN_INFINITE_RECURSION = YES;
				CLANG_WARN_INT_CONVERSION = YES;
				CLANG_WARN_NON_LITERAL_NULL_CONVERSION = YES;
				CLANG_WARN_OBJC_IMPLICIT_RETAIN_SELF = YES;
				CLANG_WARN_OBJC_LITERAL_CONVERSION = YES;
				CLANG_WARN_OBJC_ROOT_CLASS = YES_ERROR;
				CLANG_WARN_QUOTED_INCLUDE_IN_FRAMEWORK_HEADER = YES;
				CLANG_WARN_RANGE_LOOP_ANALYSIS = YES;
				CLANG_WARN_STRICT_PROTOTYPES = YES;
				CLANG_WARN_SUSPICIOUS_MOVE = YES;
				CLANG_WARN_UNGUARDED_AVAILABILITY = YES_AGGRESSIVE;
				CLANG_WARN_UNREACHABLE_CODE = YES;
				CLANG_WARN__DUPLICATE_METHOD_MATCH = YES;
				COPY_PHASE_STRIP = NO;
				DEBUG_INFORMATION_FORMAT = dwarf;
				ENABLE_STRICT_OBJC_MSGSEND = YES;
				ENABLE_TESTABILITY = YES;
				GCC_C_LANGUAGE_STANDARD = gnu11;
				GCC_DYNAMIC_NO_PIC = NO;
				GCC_NO_COMMON_BLOCKS = YES;
				GCC_OPTIMIZATION_LEVEL = 0;
				GCC_PREPROCESSOR_DEFINITIONS = (
					"DEBUG=1",
					"$(inherited)",
				);
				GCC_WARN_64_TO_32_BIT_CONVERSION = YES;
				GCC_WARN_ABOUT_RETURN_TYPE = YES_ERROR;
				GCC_WARN_UNDECLARED_SELECTOR = YES;
				GCC_WARN_UNINITIALIZED_AUTOS = YES_AGGRESSIVE;
				GCC_WARN_UNUSED_FUNCTION = YES;
				GCC_WARN_UNUSED_VARIABLE = YES;
				IPHONEOS_DEPLOYMENT_TARGET = 15.5;
				MTL_ENABLE_DEBUG_INFO = INCLUDE_SOURCE;
				MTL_FAST_MATH = YES;
				ONLY_ACTIVE_ARCH = YES;
				SDKROOT = iphoneos;
				SWIFT_ACTIVE_COMPILATION_CONDITIONS = DEBUG;
				SWIFT_OPTIMIZATION_LEVEL = "-Onone";
			};
			name = Debug;
		};
		D080EF9B2A29F62000D2A73E /* Release */ = {
			isa = XCBuildConfiguration;
			buildSettings = {
				ALWAYS_SEARCH_USER_PATHS = NO;
				CLANG_ANALYZER_NONNULL = YES;
				CLANG_ANALYZER_NUMBER_OBJECT_CONVERSION = YES_AGGRESSIVE;
				CLANG_CXX_LANGUAGE_STANDARD = "gnu++17";
				CLANG_ENABLE_MODULES = YES;
				CLANG_ENABLE_OBJC_ARC = YES;
				CLANG_ENABLE_OBJC_WEAK = YES;
				CLANG_WARN_BLOCK_CAPTURE_AUTORELEASING = YES;
				CLANG_WARN_BOOL_CONVERSION = YES;
				CLANG_WARN_COMMA = YES;
				CLANG_WARN_CONSTANT_CONVERSION = YES;
				CLANG_WARN_DEPRECATED_OBJC_IMPLEMENTATIONS = YES;
				CLANG_WARN_DIRECT_OBJC_ISA_USAGE = YES_ERROR;
				CLANG_WARN_DOCUMENTATION_COMMENTS = YES;
				CLANG_WARN_EMPTY_BODY = YES;
				CLANG_WARN_ENUM_CONVERSION = YES;
				CLANG_WARN_INFINITE_RECURSION = YES;
				CLANG_WARN_INT_CONVERSION = YES;
				CLANG_WARN_NON_LITERAL_NULL_CONVERSION = YES;
				CLANG_WARN_OBJC_IMPLICIT_RETAIN_SELF = YES;
				CLANG_WARN_OBJC_LITERAL_CONVERSION = YES;
				CLANG_WARN_OBJC_ROOT_CLASS = YES_ERROR;
				CLANG_WARN_QUOTED_INCLUDE_IN_FRAMEWORK_HEADER = YES;
				CLANG_WARN_RANGE_LOOP_ANALYSIS = YES;
				CLANG_WARN_STRICT_PROTOTYPES = YES;
				CLANG_WARN_SUSPICIOUS_MOVE = YES;
				CLANG_WARN_UNGUARDED_AVAILABILITY = YES_AGGRESSIVE;
				CLANG_WARN_UNREACHABLE_CODE = YES;
				CLANG_WARN__DUPLICATE_METHOD_MATCH = YES;
				COPY_PHASE_STRIP = NO;
				DEBUG_INFORMATION_FORMAT = "dwarf-with-dsym";
				ENABLE_NS_ASSERTIONS = NO;
				ENABLE_STRICT_OBJC_MSGSEND = YES;
				GCC_C_LANGUAGE_STANDARD = gnu11;
				GCC_NO_COMMON_BLOCKS = YES;
				GCC_WARN_64_TO_32_BIT_CONVERSION = YES;
				GCC_WARN_ABOUT_RETURN_TYPE = YES_ERROR;
				GCC_WARN_UNDECLARED_SELECTOR = YES;
				GCC_WARN_UNINITIALIZED_AUTOS = YES_AGGRESSIVE;
				GCC_WARN_UNUSED_FUNCTION = YES;
				GCC_WARN_UNUSED_VARIABLE = YES;
				IPHONEOS_DEPLOYMENT_TARGET = 15.5;
				MTL_ENABLE_DEBUG_INFO = NO;
				MTL_FAST_MATH = YES;
				SDKROOT = iphoneos;
				SWIFT_COMPILATION_MODE = wholemodule;
				SWIFT_OPTIMIZATION_LEVEL = "-O";
				VALIDATE_PRODUCT = YES;
			};
			name = Release;
		};
		D080EF9D2A29F62000D2A73E /* Debug */ = {
			isa = XCBuildConfiguration;
			baseConfigurationReference = 11EE2AFC83B91F93AD47F0D9 /* Pods-WeatherApp.debug.xcconfig */;
			buildSettings = {
				ASSETCATALOG_COMPILER_APPICON_NAME = AppIcon;
				ASSETCATALOG_COMPILER_GLOBAL_ACCENT_COLOR_NAME = AccentColor;
				CODE_SIGN_STYLE = Automatic;
				CURRENT_PROJECT_VERSION = 1;
				GENERATE_INFOPLIST_FILE = YES;
				INFOPLIST_FILE = WeatherApp/Info.plist;
				INFOPLIST_KEY_UIApplicationSupportsIndirectInputEvents = YES;
				INFOPLIST_KEY_UILaunchStoryboardName = LaunchScreen;
				INFOPLIST_KEY_UIMainStoryboardFile = Main;
				INFOPLIST_KEY_UISupportedInterfaceOrientations_iPad = "UIInterfaceOrientationPortrait UIInterfaceOrientationPortraitUpsideDown UIInterfaceOrientationLandscapeLeft UIInterfaceOrientationLandscapeRight";
				INFOPLIST_KEY_UISupportedInterfaceOrientations_iPhone = "UIInterfaceOrientationPortrait UIInterfaceOrientationLandscapeLeft UIInterfaceOrientationLandscapeRight";
				LD_RUNPATH_SEARCH_PATHS = (
					"$(inherited)",
					"@executable_path/Frameworks",
				);
				MARKETING_VERSION = 1.0;
				PRODUCT_BUNDLE_IDENTIFIER = com.EnginOzlem.WeatherApp;
				PRODUCT_NAME = "$(TARGET_NAME)";
				SWIFT_EMIT_LOC_STRINGS = YES;
				SWIFT_VERSION = 5.0;
				TARGETED_DEVICE_FAMILY = "1,2";
			};
			name = Debug;
		};
		D080EF9E2A29F62000D2A73E /* Release */ = {
			isa = XCBuildConfiguration;
			baseConfigurationReference = 53FA4D06FDF3D50F001EF30C /* Pods-WeatherApp.release.xcconfig */;
			buildSettings = {
				ASSETCATALOG_COMPILER_APPICON_NAME = AppIcon;
				ASSETCATALOG_COMPILER_GLOBAL_ACCENT_COLOR_NAME = AccentColor;
				CODE_SIGN_STYLE = Automatic;
				CURRENT_PROJECT_VERSION = 1;
				GENERATE_INFOPLIST_FILE = YES;
				INFOPLIST_FILE = WeatherApp/Info.plist;
				INFOPLIST_KEY_UIApplicationSupportsIndirectInputEvents = YES;
				INFOPLIST_KEY_UILaunchStoryboardName = LaunchScreen;
				INFOPLIST_KEY_UIMainStoryboardFile = Main;
				INFOPLIST_KEY_UISupportedInterfaceOrientations_iPad = "UIInterfaceOrientationPortrait UIInterfaceOrientationPortraitUpsideDown UIInterfaceOrientationLandscapeLeft UIInterfaceOrientationLandscapeRight";
				INFOPLIST_KEY_UISupportedInterfaceOrientations_iPhone = "UIInterfaceOrientationPortrait UIInterfaceOrientationLandscapeLeft UIInterfaceOrientationLandscapeRight";
				LD_RUNPATH_SEARCH_PATHS = (
					"$(inherited)",
					"@executable_path/Frameworks",
				);
				MARKETING_VERSION = 1.0;
				PRODUCT_BUNDLE_IDENTIFIER = com.EnginOzlem.WeatherApp;
				PRODUCT_NAME = "$(TARGET_NAME)";
				SWIFT_EMIT_LOC_STRINGS = YES;
				SWIFT_VERSION = 5.0;
				TARGETED_DEVICE_FAMILY = "1,2";
			};
			name = Release;
		};
/* End XCBuildConfiguration section */

/* Begin XCConfigurationList section */
		D080EF832A29F61C00D2A73E /* Build configuration list for PBXProject "WeatherApp" */ = {
			isa = XCConfigurationList;
			buildConfigurations = (
				D080EF9A2A29F62000D2A73E /* Debug */,
				D080EF9B2A29F62000D2A73E /* Release */,
			);
			defaultConfigurationIsVisible = 0;
			defaultConfigurationName = Release;
		};
		D080EF9C2A29F62000D2A73E /* Build configuration list for PBXNativeTarget "WeatherApp" */ = {
			isa = XCConfigurationList;
			buildConfigurations = (
				D080EF9D2A29F62000D2A73E /* Debug */,
				D080EF9E2A29F62000D2A73E /* Release */,
			);
			defaultConfigurationIsVisible = 0;
			defaultConfigurationName = Release;
		};
/* End XCConfigurationList section */
	};
	rootObject = D080EF802A29F61C00D2A73E /* Project object */;
}
